
Microsoft Visual Studio Solution File, Format Version 12.00
# Visual Studio 2013
VisualStudioVersion = 12.0.30723.0
MinimumVisualStudioVersion = 10.0.40219.1
Project("{2150E333-8FDC-42A3-9474-1A3956D46DE8}") = "Core", "Core", "{58CD1CD1-8E1C-4A98-AB4A-6A24727A921A}"
EndProject
Project("{2150E333-8FDC-42A3-9474-1A3956D46DE8}") = "Plugins", "Plugins", "{AADD304B-BAE3-4EE3-8D2F-36AA2C63FA71}"
EndProject
Project("{2150E333-8FDC-42A3-9474-1A3956D46DE8}") = "Crosscutting", "Crosscutting", "{90133825-A2EA-4E2F-A3C0-700498A4F0A7}"
EndProject
Project("{2150E333-8FDC-42A3-9474-1A3956D46DE8}") = "Distributed Services", "Distributed Services", "{0BF8DA43-4EED-4998-BE02-39484AC9911F}"
EndProject
Project("{FAE04EC0-301F-11D3-BF4B-00C04F79EFBC}") = "Planru.Core", "Planru.Core\Planru.Core.csproj", "{2F2826D4-B154-4B16-94B6-288D1EFB9D05}"
EndProject
Project("{FAE04EC0-301F-11D3-BF4B-00C04F79EFBC}") = "Planru.Plugins.Main", "Planru.Plugins.Default\Planru.Plugins.Main.csproj", "{BF73C400-1175-458F-AAD1-EE59104F14BF}"
EndProject
Project("{FAE04EC0-301F-11D3-BF4B-00C04F79EFBC}") = "Planru.DistributedServices.WebAPI", "Planru.DistributedServices.WebAPI\Planru.DistributedServices.WebAPI.csproj", "{3B4AD82A-9DCF-4E63-9087-BCBB5F643A9D}"
EndProject
Project("{FAE04EC0-301F-11D3-BF4B-00C04F79EFBC}") = "Planru.Crosscutting", "Planru.Crosscutting\Planru.Crosscutting.csproj", "{E9B236DF-5217-45BB-89FD-E065CF40929D}"
EndProject
Project("{FAE04EC0-301F-11D3-BF4B-00C04F79EFBC}") = "Planru.Crosscutting.NetFramework", "Planru.Crosscutting.NetFramework\Planru.Crosscutting.NetFramework.csproj", "{C4FF9D0B-2F25-40E3-868F-A94057AD90A0}"
EndProject
Project("{2150E333-8FDC-42A3-9474-1A3956D46DE8}") = "Tests", "Tests", "{49B55C31-6F90-47A8-857A-ADDF86A6C7E2}"
EndProject
Project("{2150E333-8FDC-42A3-9474-1A3956D46DE8}") = "Modeling and Design", "Modeling and Design", "{400EBC41-270D-4FA7-84D4-3BDE864B1E5C}"
EndProject
Project("{F088123C-0E9E-452A-89E6-6BA2F21D5CAC}") = "Planru.Modeling", "Planru.Modeling\Planru.Modeling.modelproj", "{A1AD2025-0816-4D3E-8E99-359A38467384}"
EndProject
Project("{FAE04EC0-301F-11D3-BF4B-00C04F79EFBC}") = "Planru.Plugins.Main.Tests", "Planru.Plugins.Default.Tests\Planru.Plugins.Main.Tests.csproj", "{542A22A6-2691-498D-B7D6-0F5D341C9263}"
EndProject
Project("{FAE04EC0-301F-11D3-BF4B-00C04F79EFBC}") = "Planru.DistributedServices.WebAPI.Core", "Planru.DistributedServices.WebAPI.Core\Planru.DistributedServices.WebAPI.Core.csproj", "{EACE8912-3274-4AC1-860C-90458F266F24}"
EndProject
Global
	GlobalSection(SolutionConfigurationPlatforms) = preSolution
		Debug|Any CPU = Debug|Any CPU
		Release|Any CPU = Release|Any CPU
	EndGlobalSection
	GlobalSection(ProjectConfigurationPlatforms) = postSolution
		{2F2826D4-B154-4B16-94B6-288D1EFB9D05}.Debug|Any CPU.ActiveCfg = Debug|Any CPU
		{2F2826D4-B154-4B16-94B6-288D1EFB9D05}.Debug|Any CPU.Build.0 = Debug|Any CPU
		{2F2826D4-B154-4B16-94B6-288D1EFB9D05}.Release|Any CPU.ActiveCfg = Release|Any CPU
		{2F2826D4-B154-4B16-94B6-288D1EFB9D05}.Release|Any CPU.Build.0 = Release|Any CPU
		{BF73C400-1175-458F-AAD1-EE59104F14BF}.Debug|Any CPU.ActiveCfg = Debug|Any CPU
		{BF73C400-1175-458F-AAD1-EE59104F14BF}.Debug|Any CPU.Build.0 = Debug|Any CPU
		{BF73C400-1175-458F-AAD1-EE59104F14BF}.Release|Any CPU.ActiveCfg = Release|Any CPU
		{BF73C400-1175-458F-AAD1-EE59104F14BF}.Release|Any CPU.Build.0 = Release|Any CPU
		{3B4AD82A-9DCF-4E63-9087-BCBB5F643A9D}.Debug|Any CPU.ActiveCfg = Debug|Any CPU
		{3B4AD82A-9DCF-4E63-9087-BCBB5F643A9D}.Debug|Any CPU.Build.0 = Debug|Any CPU
		{3B4AD82A-9DCF-4E63-9087-BCBB5F643A9D}.Release|Any CPU.ActiveCfg = Release|Any CPU
		{3B4AD82A-9DCF-4E63-9087-BCBB5F643A9D}.Release|Any CPU.Build.0 = Release|Any CPU
		{E9B236DF-5217-45BB-89FD-E065CF40929D}.Debug|Any CPU.ActiveCfg = Debug|Any CPU
		{E9B236DF-5217-45BB-89FD-E065CF40929D}.Debug|Any CPU.Build.0 = Debug|Any CPU
		{E9B236DF-5217-45BB-89FD-E065CF40929D}.Release|Any CPU.ActiveCfg = Release|Any CPU
		{E9B236DF-5217-45BB-89FD-E065CF40929D}.Release|Any CPU.Build.0 = Release|Any CPU
		{C4FF9D0B-2F25-40E3-868F-A94057AD90A0}.Debug|Any CPU.ActiveCfg = Debug|Any CPU
		{C4FF9D0B-2F25-40E3-868F-A94057AD90A0}.Debug|Any CPU.Build.0 = Debug|Any CPU
		{C4FF9D0B-2F25-40E3-868F-A94057AD90A0}.Release|Any CPU.ActiveCfg = Release|Any CPU
		{C4FF9D0B-2F25-40E3-868F-A94057AD90A0}.Release|Any CPU.Build.0 = Release|Any CPU
		{A1AD2025-0816-4D3E-8E99-359A38467384}.Debug|Any CPU.ActiveCfg = Debug|Any CPU
		{A1AD2025-0816-4D3E-8E99-359A38467384}.Debug|Any CPU.Build.0 = Debug|Any CPU
		{A1AD2025-0816-4D3E-8E99-359A38467384}.Release|Any CPU.ActiveCfg = Release|Any CPU
		{A1AD2025-0816-4D3E-8E99-359A38467384}.Release|Any CPU.Build.0 = Release|Any CPU
		{542A22A6-2691-498D-B7D6-0F5D341C9263}.Debug|Any CPU.ActiveCfg = Debug|Any CPU
		{542A22A6-2691-498D-B7D6-0F5D341C9263}.Debug|Any CPU.Build.0 = Debug|Any CPU
		{542A22A6-2691-498D-B7D6-0F5D341C9263}.Release|Any CPU.ActiveCfg = Release|Any CPU
		{542A22A6-2691-498D-B7D6-0F5D341C9263}.Release|Any CPU.Build.0 = Release|Any CPU
		{EACE8912-3274-4AC1-860C-90458F266F24}.Debug|Any CPU.ActiveCfg = Debug|Any CPU
		{EACE8912-3274-4AC1-860C-90458F266F24}.Debug|Any CPU.Build.0 = Debug|Any CPU
		{EACE8912-3274-4AC1-860C-90458F266F24}.Release|Any CPU.ActiveCfg = Release|Any CPU
		{EACE8912-3274-4AC1-860C-90458F266F24}.Release|Any CPU.Build.0 = Release|Any CPU
	EndGlobalSection
	GlobalSection(SolutionProperties) = preSolution
		HideSolutionNode = FALSE
	EndGlobalSection
	GlobalSection(NestedProjects) = preSolution
		{2F2826D4-B154-4B16-94B6-288D1EFB9D05} = {58CD1CD1-8E1C-4A98-AB4A-6A24727A921A}
		{BF73C400-1175-458F-AAD1-EE59104F14BF} = {AADD304B-BAE3-4EE3-8D2F-36AA2C63FA71}
		{3B4AD82A-9DCF-4E63-9087-BCBB5F643A9D} = {0BF8DA43-4EED-4998-BE02-39484AC9911F}
		{E9B236DF-5217-45BB-89FD-E065CF40929D} = {90133825-A2EA-4E2F-A3C0-700498A4F0A7}
		{C4FF9D0B-2F25-40E3-868F-A94057AD90A0} = {90133825-A2EA-4E2F-A3C0-700498A4F0A7}
		{A1AD2025-0816-4D3E-8E99-359A38467384} = {400EBC41-270D-4FA7-84D4-3BDE864B1E5C}
		{542A22A6-2691-498D-B7D6-0F5D341C9263} = {49B55C31-6F90-47A8-857A-ADDF86A6C7E2}
		{EACE8912-3274-4AC1-860C-90458F266F24} = {0BF8DA43-4EED-4998-BE02-39484AC9911F}
	EndGlobalSection
EndGlobal
